{
  "name": "@digital-static/ridecore",
  "version": "1.2.0",
  "lockfileVersion": 3,
  "requires": true,
  "packages": {
    "": {
      "name": "@digital-static/ridecore",
      "version": "1.2.0",
      "license": "UNLICENSED",
      "dependencies": {
        "@colyseus/sdk": "0.18.5",
        "@dimforge/rapier3d-compat": "0.20.0",
        "fflate": "0.8.3"
      },
      "devDependencies": {
        "@types/node": "24.0.0",
        "@types/three": "^0.185.3",
        "three": "0.185.1",
        "typescript": "5.9.3"
      },
      "engines": {
        "node": ">=22.18"
      },
      "peerDependencies": {
        "three": "0.185.1"
      },
      "peerDependenciesMeta": {
        "three": {
          "optional": true
        }
      }
    },
    "node_modules/@better-auth/utils": {
      "version": "0.3.1",
      "resolved": "https://registry.npmjs.org/@better-auth/utils/-/utils-0.3.1.tgz",
      "integrity": "sha512-+CGp4UmZSUrHHnpHhLPYu6cV+wSUSvVbZbNykxhUDocpVNTo9uFFxw/NqJlh1iC4wQ9HKKWGCKuZ5wUgS0v6Kg==",
      "license": "MIT"
    },
    "node_modules/@better-fetch/fetch": {
      "version": "1.3.2",
      "resolved": "https://registry.npmjs.org/@better-fetch/fetch/-/fetch-1.3.2.tgz",
      "integrity": "sha512-Gs7n99b5tqUC6cQAPbV0uED3IraHB6xQbHLQ/C3l7ZFafHScOx9pQ+DYmP5blbLFShVWLqxNUlI9wi4xU/X+ow==",
      "license": "MIT"
    },
    "node_modules/@colyseus/better-call": {
      "version": "1.3.3",
      "resolved": "https://registry.npmjs.org/@colyseus/better-call/-/better-call-1.3.3.tgz",
      "integrity": "sha512-ISJtvMx6fV0ABPQt/ljzPc4O2+mFvyVKeHKX02qBSWKR0VXOXzniAC64POea4pp8DxZTbgHoSPpXjdnNpUkeLw==",
      "license": "MIT",
      "dependencies": {
        "@better-auth/utils": "^0.3.1",
        "@better-fetch/fetch": "^1.1.21",
        "rou3": "^0.7.12",
        "set-cookie-parser": "^3.0.1"
      },
      "peerDependencies": {
        "zod": "^4.0.0"
      },
      "peerDependenciesMeta": {
        "zod": {
          "optional": true
        }
      }
    },
    "node_modules/@colyseus/schema": {
      "version": "5.0.36",
      "resolved": "https://registry.npmjs.org/@colyseus/schema/-/schema-5.0.36.tgz",
      "integrity": "sha512-x2pknfJnJaYIrv7se4AI5x1KW+2whaNjX6u71cLpbQxLvCmBuB/dqnav4Se12cp2DWv0XCstsgMHKefaQX0QFA==",
      "license": "MIT",
      "bin": {
        "schema-codegen": "bin/schema-codegen",
        "schema-debug": "bin/schema-debug"
      },
      "peerDependencies": {
        "typescript": ">=5.0.0"
      },
      "peerDependenciesMeta": {
        "typescript": {
          "optional": true
        }
      }
    },
    "node_modules/@colyseus/sdk": {
      "version": "0.18.5",
      "resolved": "https://registry.npmjs.org/@colyseus/sdk/-/sdk-0.18.5.tgz",
      "integrity": "sha512-wHlUCq+oPeiI74mNM5p6yr8WE5EBJXwNxVIPnov7D8+Q/F6p7dyjWec3PfKOSv9or3uP5OjsCYKPwlC2hkxlHQ==",
      "license": "MIT",
      "dependencies": {
        "@colyseus/better-call": "^1.3.1",
        "@colyseus/schema": "^5.0.8",
        "@colyseus/shared-types": "^0.18.3",
        "msgpackr": "^2.0.1",
        "tslib": "^2.1.0",
        "ws": "^8.13.0"
      },
      "engines": {
        "node": ">= 12.x"
      },
      "funding": {
        "url": "https://github.com/sponsors/endel"
      },
      "peerDependencies": {
        "@colyseus/core": "0.18.x"
      },
      "peerDependenciesMeta": {
        "@colyseus/better-call": {
          "optional": true
        },
        "@colyseus/core": {
          "optional": true
        }
      }
    },
    "node_modules/@colyseus/shared-types": {
      "version": "0.18.3",
      "resolved": "https://registry.npmjs.org/@colyseus/shared-types/-/shared-types-0.18.3.tgz",
      "integrity": "sha512-Kye6Lmpd4RXY52Ro8NawurUKMNagkNfAdV79Dx/cdWib1LrNW4e94JOtl9HIxy4QYVdHlkxc2m5ZjcwQXekWng==",
      "license": "MIT",
      "dependencies": {
        "@standard-schema/spec": "^1.0.0"
      },
      "engines": {
        "node": ">= 22.x"
      },
      "funding": {
        "url": "https://github.com/sponsors/endel"
      }
    },
    "node_modules/@dimforge/rapier3d-compat": {
      "version": "0.20.0",
      "resolved": "https://registry.npmjs.org/@dimforge/rapier3d-compat/-/rapier3d-compat-0.20.0.tgz",
      "integrity": "sha512-X4W9pJBdGRX5CO3c/gUNjBFEFG2fn4nYxp9k8STdBDaLa0/w5XTW2ArpayS+9jGFojTi3uFSOWAElCd4rkpekA==",
      "license": "Apache-2.0"
    },
    "node_modules/@msgpackr-extract/msgpackr-extract-darwin-arm64": {
      "version": "3.0.4",
      "resolved": "https://registry.npmjs.org/@msgpackr-extract/msgpackr-extract-darwin-arm64/-/msgpackr-extract-darwin-arm64-3.0.4.tgz",
      "integrity": "sha512-LCkGo6JDfaBhgST7UpPWgNgLINpcpabaHfyz5OBx75nUYxBsaEPxjnyNjWpeb/xBup/682QnBfRBy2/LvPutZQ==",
      "cpu": [
        "arm64"
      ],
      "license": "MIT",
      "optional": true,
      "os": [
        "darwin"
      ]
    },
    "node_modules/@msgpackr-extract/msgpackr-extract-darwin-x64": {
      "version": "3.0.4",
      "resolved": "https://registry.npmjs.org/@msgpackr-extract/msgpackr-extract-darwin-x64/-/msgpackr-extract-darwin-x64-3.0.4.tgz",
      "integrity": "sha512-zExlW9zUJKZH/tOtVMttwjKa4Xm/3KcNjnE3dPN92uCktwavMxpgCA3MoJK/DOnTWsQgo224OaST27/mPNAf+w==",
      "cpu": [
        "x64"
      ],
      "license": "MIT",
      "optional": true,
      "os": [
        "darwin"
      ]
    },
    "node_modules/@msgpackr-extract/msgpackr-extract-linux-arm": {
      "version": "3.0.4",
      "resolved": "https://registry.npmjs.org/@msgpackr-extract/msgpackr-extract-linux-arm/-/msgpackr-extract-linux-arm-3.0.4.tgz",
      "integrity": "sha512-Tg3yX65f5GbtXLkrYEHE5oibZG9epyYWas7FogTTEJeDEF9JlXJzKgXaNhT3UXlTOeA+AfZpYZYZ0uPj7Cfquw==",
      "cpu": [
        "arm"
      ],
      "license": "MIT",
      "optional": true,
      "os": [
        "linux"
      ]
    },
    "node_modules/@msgpackr-extract/msgpackr-extract-linux-arm64": {
      "version": "3.0.4",
      "resolved": "https://registry.npmjs.org/@msgpackr-extract/msgpackr-extract-linux-arm64/-/msgpackr-extract-linux-arm64-3.0.4.tgz",
      "integrity": "sha512-dgX0P/9wGPJeHFBG+ZmhgE6bmtMt7NP5CRBGyyktpopdk/mW4POnrpQsSLtKI1dwpc+pPLuXHDh6vvskyQE/sw==",
      "cpu": [
        "arm64"
      ],
      "license": "MIT",
      "optional": true,
      "os": [
        "linux"
      ]
    },
    "node_modules/@msgpackr-extract/msgpackr-extract-linux-x64": {
      "version": "3.0.4",
      "resolved": "https://registry.npmjs.org/@msgpackr-extract/msgpackr-extract-linux-x64/-/msgpackr-extract-linux-x64-3.0.4.tgz",
      "integrity": "sha512-8TNXMEjJc3QEy7R/x1INhgiU+XakDAFUzBhaz7+Rbrs8NH5UQeHQxxmzsSBJGyV6I1jW79undiQm8tOI+D+8FQ==",
      "cpu": [
        "x64"
      ],
      "license": "MIT",
      "optional": true,
      "os": [
        "linux"
      ]
    },
    "node_modules/@msgpackr-extract/msgpackr-extract-win32-x64": {
      "version": "3.0.4",
      "resolved": "https://registry.npmjs.org/@msgpackr-extract/msgpackr-extract-win32-x64/-/msgpackr-extract-win32-x64-3.0.4.tgz",
      "integrity": "sha512-CmCXPQrkbwExx3j946/PtHWHbYJiCRBRDl4BlkRQcJB/YOwQxJRTpoo7aTsortjgoJ1x7opzTSxn7C+ASSLVjQ==",
      "cpu": [
        "x64"
      ],
      "license": "MIT",
      "optional": true,
      "os": [
        "win32"
      ]
    },
    "node_modules/@standard-schema/spec": {
      "version": "1.1.0",
      "resolved": "https://registry.npmjs.org/@standard-schema/spec/-/spec-1.1.0.tgz",
      "integrity": "sha512-l2aFy5jALhniG5HgqrD6jXLi/rUWrKvqN/qJx6yoJsgKhblVd+iqqU4RCXavm/jPityDo5TCvKMnpjKnOriy0w==",
      "license": "MIT"
    },
    "node_modules/@tweenjs/tween.js": {
      "version": "23.1.3",
      "resolved": "https://registry.npmjs.org/@tweenjs/tween.js/-/tween.js-23.1.3.tgz",
      "integrity": "sha512-vJmvvwFxYuGnF2axRtPYocag6Clbb5YS7kLL+SO/TeVFzHqDIWrNKYtcsPMibjDx9O+bu+psAy9NKfWklassUA==",
      "dev": true,
      "license": "MIT"
    },
    "node_modules/@types/node": {
      "version": "24.0.0",
      "resolved": "https://registry.npmjs.org/@types/node/-/node-24.0.0.tgz",
      "integrity": "sha512-yZQa2zm87aRVcqDyH5+4Hv9KYgSdgwX1rFnGvpbzMaC7YAljmhBET93TPiTd3ObwTL+gSpIzPKg5BqVxdCvxKg==",
      "dev": true,
      "license": "MIT",
      "dependencies": {
        "undici-types": "~7.8.0"
      }
    },
    "node_modules/@types/stats.js": {
      "version": "0.17.4",
      "resolved": "https://registry.npmjs.org/@types/stats.js/-/stats.js-0.17.4.tgz",
      "integrity": "sha512-jIBvWWShCvlBqBNIZt0KAshWpvSjhkwkEu4ZUcASoAvhmrgAUI2t1dXrjSL4xXVLB4FznPrIsX3nKXFl/Dt4vA==",
      "dev": true,
      "license": "MIT"
    },
    "node_modules/@types/three": {
      "version": "0.185.3",
      "resolved": "https://registry.npmjs.org/@types/three/-/three-0.185.3.tgz",
      "integrity": "sha512-8TqTn1+fjPWuJ4mR6Igtg56DCf9b5EeAlwhb5xaa6WlBrsg7SvG0NQbyctGRkHCKwg0uftfCspOEsTXelgktMA==",
      "dev": true,
      "license": "MIT",
      "dependencies": {
        "@dimforge/rapier3d-compat": "~0.12.0",
        "@tweenjs/tween.js": "~23.1.3",
        "@types/stats.js": "*",
        "@types/webxr": ">=0.5.17",
        "fflate": "~0.8.2",
        "meshoptimizer": "~1.1.1"
      }
    },
    "node_modules/@types/three/node_modules/@dimforge/rapier3d-compat": {
      "version": "0.12.0",
      "resolved": "https://registry.npmjs.org/@dimforge/rapier3d-compat/-/rapier3d-compat-0.12.0.tgz",
      "integrity": "sha512-uekIGetywIgopfD97oDL5PfeezkFpNhwlzlaEYNOA0N6ghdsOvh/HYjSMek5Q2O1PYvRSDFcqFVJl4r4ZBwOow==",
      "dev": true,
      "license": "Apache-2.0"
    },
    "node_modules/@types/webxr": {
      "version": "0.5.24",
      "resolved": "https://registry.npmjs.org/@types/webxr/-/webxr-0.5.24.tgz",
      "integrity": "sha512-h8fgEd/DpoS9CBrjEQXR+dIDraopAEfu4wYVNY2tEPwk60stPWhvZMf4Foo5FakuQ7HFZoa8WceaWFervK2Ovg==",
      "dev": true,
      "license": "MIT"
    },
    "node_modules/detect-libc": {
      "version": "2.1.2",
      "resolved": "https://registry.npmjs.org/detect-libc/-/detect-libc-2.1.2.tgz",
      "integrity": "sha512-Btj2BOOO83o3WyH59e8MgXsxEQVcarkUOpEYrubB0urwnN10yQ364rsiByU11nZlqWYZm05i/of7io4mzihBtQ==",
      "license": "Apache-2.0",
      "optional": true,
      "engines": {
        "node": ">=8"
      }
    },
    "node_modules/fflate": {
      "version": "0.8.3",
      "resolved": "https://registry.npmjs.org/fflate/-/fflate-0.8.3.tgz",
      "integrity": "sha512-tbZNuJrLwGUp3zshBtdy4W+ORxZuIh8a5ilyIEQDC5rY1f3U20JMry0Ll3WBzU58EZKsEuJFXhb5gwv8CsPvgA==",
      "license": "MIT"
    },
    "node_modules/meshoptimizer": {
      "version": "1.1.1",
      "resolved": "https://registry.npmjs.org/meshoptimizer/-/meshoptimizer-1.1.1.tgz",
      "integrity": "sha512-oRFNWJRDA/WTrVj7NWvqa5HqE1t9MYDj2VaWirQCzCCrAd2GHrqR/sQezCxiWATPNlKTcRaPRHPJwIRoPBAp5g==",
      "dev": true,
      "license": "MIT"
    },
    "node_modules/msgpackr": {
      "version": "2.1.0",
      "resolved": "https://registry.npmjs.org/msgpackr/-/msgpackr-2.1.0.tgz",
      "integrity": "sha512-p/pBCVO63CsvvpkomUnNNag6+n38rULuDA6HHe70o2gtC8ODI52foF/4ko2qQcp6OiErJXTmrZeXmsGGHsIQNQ==",
      "license": "MIT",
      "optionalDependencies": {
        "msgpackr-extract": "^3.0.4"
      }
    },
    "node_modules/msgpackr-extract": {
      "version": "3.0.4",
      "resolved": "https://registry.npmjs.org/msgpackr-extract/-/msgpackr-extract-3.0.4.tgz",
      "integrity": "sha512-4kmO/MdyUIkLIvTPr8VHLil4AtoKIoniWPIEk5+CDy0xnWC84azhSFmuJ7PxZdsYtiP5kEeQsORAVIeMgxT+Hw==",
      "hasInstallScript": true,
      "license": "MIT",
      "optional": true,
      "dependencies": {
        "node-gyp-build-optional-packages": "5.2.2"
      },
      "bin": {
        "download-msgpackr-prebuilds": "bin/download-prebuilds.js"
      },
      "optionalDependencies": {
        "@msgpackr-extract/msgpackr-extract-darwin-arm64": "3.0.4",
        "@msgpackr-extract/msgpackr-extract-darwin-x64": "3.0.4",
        "@msgpackr-extract/msgpackr-extract-linux-arm": "3.0.4",
        "@msgpackr-extract/msgpackr-extract-linux-arm64": "3.0.4",
        "@msgpackr-extract/msgpackr-extract-linux-x64": "3.0.4",
        "@msgpackr-extract/msgpackr-extract-win32-x64": "3.0.4"
      }
    },
    "node_modules/node-gyp-build-optional-packages": {
      "version": "5.2.2",
      "resolved": "https://registry.npmjs.org/node-gyp-build-optional-packages/-/node-gyp-build-optional-packages-5.2.2.tgz",
      "integrity": "sha512-s+w+rBWnpTMwSFbaE0UXsRlg7hU4FjekKU4eyAih5T8nJuNZT1nNsskXpxmeqSK9UzkBl6UgRlnKc8hz8IEqOw==",
      "license": "MIT",
      "optional": true,
      "dependencies": {
        "detect-libc": "^2.0.1"
      },
      "bin": {
        "node-gyp-build-optional-packages": "bin.js",
        "node-gyp-build-optional-packages-optional": "optional.js",
        "node-gyp-build-optional-packages-test": "build-test.js"
      }
    },
    "node_modules/rou3": {
      "version": "0.7.12",
      "resolved": "https://registry.npmjs.org/rou3/-/rou3-0.7.12.tgz",
      "integrity": "sha512-iFE4hLDuloSWcD7mjdCDhx2bKcIsYbtOTpfH5MHHLSKMOUyjqQXTeZVa289uuwEGEKFoE/BAPbhaU4B774nceg==",
      "license": "MIT"
    },
    "node_modules/set-cookie-parser": {
      "version": "3.1.2",
      "resolved": "https://registry.npmjs.org/set-cookie-parser/-/set-cookie-parser-3.1.2.tgz",
      "integrity": "sha512-5/r/lTwbJ3zQ+qwdUFZYeRNqda7P5HD8zQKqlSjdGt1/S0cjLAphHusj4Y58ahDtWn/g32xrIS58/ikOvwl0Lw==",
      "license": "MIT"
    },
    "node_modules/three": {
      "version": "0.185.1",
      "resolved": "https://registry.npmjs.org/three/-/three-0.185.1.tgz",
      "integrity": "sha512-5aojFCXKwnjBRZvUnt3WFfEcvUJgkN5LlijRFN95hMy8WVkG4I0QNcJE+OuWvuJ0bOdStrbfXn0pkd6/QyiAlg==",
      "dev": true,
      "license": "MIT"
    },
    "node_modules/tslib": {
      "version": "2.8.1",
      "resolved": "https://registry.npmjs.org/tslib/-/tslib-2.8.1.tgz",
      "integrity": "sha512-oJFu94HQb+KVduSUQL7wnpmqnfmLsOA/nAh6b6EH0wCEoK0/mPeXU6c3wKDV83MkOuHPRHtSXKKU99IBazS/2w==",
      "license": "0BSD"
    },
    "node_modules/typescript": {
      "version": "5.9.3",
      "resolved": "https://registry.npmjs.org/typescript/-/typescript-5.9.3.tgz",
      "integrity": "sha512-jl1vZzPDinLr9eUt3J/t7V6FgNEw9QjvBPdysz9KfQDD41fQrC2Y4vKQdiaUpFT4bXlb1RHhLpp8wtm6M5TgSw==",
      "devOptional": true,
      "license": "Apache-2.0",
      "bin": {
        "tsc": "bin/tsc",
        "tsserver": "bin/tsserver"
      },
      "engines": {
        "node": ">=14.17"
      }
    },
    "node_modules/undici-types": {
      "version": "7.8.0",
      "resolved": "https://registry.npmjs.org/undici-types/-/undici-types-7.8.0.tgz",
      "integrity": "sha512-9UJ2xGDvQ43tYyVMpuHlsgApydB8ZKfVYTsLDhXkFL/6gfkp+U8xTGdh8pMJv1SpZna0zxG1DwsKZsreLbXBxw==",
      "dev": true,
      "license": "MIT"
    },
    "node_modules/ws": {
      "version": "8.22.0",
      "resolved": "https://registry.npmjs.org/ws/-/ws-8.22.0.tgz",
      "integrity": "sha512-Ydggc987+RO0AnWtZ/7Wq9FtNvcrL1b/RO0ud9mWjUPgDrsAAwQSF51sm2hm1XofbU/4jkpGEsLFsZZxU+1DOg==",
      "license": "MIT",
      "engines": {
        "node": ">=10.0.0"
      },
      "peerDependencies": {
        "bufferutil": "^4.0.1",
        "utf-8-validate": ">=5.0.2"
      },
      "peerDependenciesMeta": {
        "bufferutil": {
          "optional": true
        },
        "utf-8-validate": {
          "optional": true
        }
      }
    }
  }
}
